
Microsoft Visual Studio Solution File, Format Version 12.00
# Visual Studio Version 17
VisualStudioVersion = 17.6.33723.286
MinimumVisualStudioVersion = 10.0.40219.1
Project("{9A19103F-16F7-4668-BE54-9A1E7A4F7556}") = "SolarSystem.API", "SolarSystem.API\SolarSystem.API.csproj", "{468972F6-5F00-4801-AB53-A2C18F9A6574}"
EndProject
Project("{9A19103F-16F7-4668-BE54-9A1E7A4F7556}") = "SolarSystem.Infrastructure", "SolarSystem.Infrastructure\SolarSystem.Infrastructure.csproj", "{AF7E3C85-8607-4CC4-9A77-F35092A422FE}"
EndProject
Project("{9A19103F-16F7-4668-BE54-9A1E7A4F7556}") = "SolarSystem.Domain", "SolarSystem.Domain\SolarSystem.Domain.csproj", "{75852EA6-FFD2-4AEE-9B5C-EF26AEE83D3C}"
EndProject
Project("{FAE04EC0-301F-11D3-BF4B-00C04F79EFBC}") = "SolarSystem.Infrastructure.Tests", "SolarSystem.Infrastructure.Tests\SolarSystem.Infrastructure.Tests.csproj", "{B82871A5-B795-4FF9-98FB-BF8E2A27CA2D}"
EndProject
Project("{FAE04EC0-301F-11D3-BF4B-00C04F79EFBC}") = "SolarSystem.Domain.Tests", "SolarSystem.Domain.Tests\SolarSystem.Domain.Tests.csproj", "{C69D8DA6-8E43-41AC-A5EC-AC08AB49B86B}"
EndProject
Global
	GlobalSection(SolutionConfigurationPlatforms) = preSolution
		Debug|Any CPU = Debug|Any CPU
		Release|Any CPU = Release|Any CPU
	EndGlobalSection
	GlobalSection(ProjectConfigurationPlatforms) = postSolution
		{468972F6-5F00-4801-AB53-A2C18F9A6574}.Debug|Any CPU.ActiveCfg = Debug|Any CPU
		{468972F6-5F00-4801-AB53-A2C18F9A6574}.Debug|Any CPU.Build.0 = Debug|Any CPU
		{468972F6-5F00-4801-AB53-A2C18F9A6574}.Release|Any CPU.ActiveCfg = Release|Any CPU
		{468972F6-5F00-4801-AB53-A2C18F9A6574}.Release|Any CPU.Build.0 = Release|Any CPU
		{AF7E3C85-8607-4CC4-9A77-F35092A422FE}.Debug|Any CPU.ActiveCfg = Debug|Any CPU
		{AF7E3C85-8607-4CC4-9A77-F35092A422FE}.Debug|Any CPU.Build.0 = Debug|Any CPU
		{AF7E3C85-8607-4CC4-9A77-F35092A422FE}.Release|Any CPU.ActiveCfg = Release|Any CPU
		{AF7E3C85-8607-4CC4-9A77-F35092A422FE}.Release|Any CPU.Build.0 = Release|Any CPU
		{75852EA6-FFD2-4AEE-9B5C-EF26AEE83D3C}.Debug|Any CPU.ActiveCfg = Debug|Any CPU
		{75852EA6-FFD2-4AEE-9B5C-EF26AEE83D3C}.Debug|Any CPU.Build.0 = Debug|Any CPU
		{75852EA6-FFD2-4AEE-9B5C-EF26AEE83D3C}.Release|Any CPU.ActiveCfg = Release|Any CPU
		{75852EA6-FFD2-4AEE-9B5C-EF26AEE83D3C}.Release|Any CPU.Build.0 = Release|Any CPU
		{B82871A5-B795-4FF9-98FB-BF8E2A27CA2D}.Debug|Any CPU.ActiveCfg = Debug|Any CPU
		{B82871A5-B795-4FF9-98FB-BF8E2A27CA2D}.Debug|Any CPU.Build.0 = Debug|Any CPU
		{B82871A5-B795-4FF9-98FB-BF8E2A27CA2D}.Release|Any CPU.ActiveCfg = Release|Any CPU
		{B82871A5-B795-4FF9-98FB-BF8E2A27CA2D}.Release|Any CPU.Build.0 = Release|Any CPU
		{C69D8DA6-8E43-41AC-A5EC-AC08AB49B86B}.Debug|Any CPU.ActiveCfg = Debug|Any CPU
		{C69D8DA6-8E43-41AC-A5EC-AC08AB49B86B}.Debug|Any CPU.Build.0 = Debug|Any CPU
		{C69D8DA6-8E43-41AC-A5EC-AC08AB49B86B}.Release|Any CPU.ActiveCfg = Release|Any CPU
		{C69D8DA6-8E43-41AC-A5EC-AC08AB49B86B}.Release|Any CPU.Build.0 = Release|Any CPU
	EndGlobalSection
	GlobalSection(SolutionProperties) = preSolution
		HideSolutionNode = FALSE
	EndGlobalSection
	GlobalSection(ExtensibilityGlobals) = postSolution
		SolutionGuid = {1E8BDEB5-BC46-4F7B-BF4D-8406D9076291}
	EndGlobalSection
EndGlobal
